
Microsoft Visual Studio Solution File, Format Version 12.00
# Visual Studio Version 16
VisualStudioVersion = 16.0.30517.126
MinimumVisualStudioVersion = 10.0.40219.1
Project("{9A19103F-16F7-4668-BE54-9A1E7A4F7556}") = "HelloWorld", "HelloWorld.csproj", "{FD41D034-712F-4B13-A0AC-728568268809}"
EndProject
Project("{9A19103F-16F7-4668-BE54-9A1E7A4F7556}") = "02.middleware", "..\02.middleware\02.middleware.csproj", "{46CA9DBA-CCD4-4B6D-AD44-34645D65146A}"
EndProject
Project("{9A19103F-16F7-4668-BE54-9A1E7A4F7556}") = "03.map-request-response", "..\03.map-request-response\03.map-request-response.csproj", "{0CCDDBED-4E1D-4950-BC25-4F65C53A048A}"
EndProject
Project("{9A19103F-16F7-4668-BE54-9A1E7A4F7556}") = "ServiceCollectionLab", "..\ServiceCollectionLab\ServiceCollectionLab.csproj", "{009E4E94-1F97-4EA7-84AE-CC44D1670D70}"
EndProject
Project("{9A19103F-16F7-4668-BE54-9A1E7A4F7556}") = "04.IServiceCollection-map-when", "..\04.IServiceCollection-map-when\04.IServiceCollection-map-when.csproj", "{5AE0F2FD-E06C-46A3-A204-8217A3500362}"
EndProject
Project("{9A19103F-16F7-4668-BE54-9A1E7A4F7556}") = "05. razor01.basic", "..\05. razor01.basic\05. razor01.basic.csproj", "{824208F6-1D22-41F8-A468-9940AED7CA1A}"
EndProject
Project("{9A19103F-16F7-4668-BE54-9A1E7A4F7556}") = "06.razor02.layout", "..\06.razor02.layout\06.razor02.layout.csproj", "{33F9AB49-91B3-4456-B2A6-7DF8E68F527B}"
EndProject
Project("{9A19103F-16F7-4668-BE54-9A1E7A4F7556}") = "07.EF01", "..\07.EF01\07.EF01.csproj", "{D908B184-A167-4B3F-B48D-77E5C2D00039}"
EndProject
Project("{9A19103F-16F7-4668-BE54-9A1E7A4F7556}") = "08.razor.efcore", "..\08.razor.efcore\08.razor.efcore.csproj", "{7E7B02F3-DDFC-49D3-BC9B-334369936AE8}"
EndProject
Project("{9A19103F-16F7-4668-BE54-9A1E7A4F7556}") = "09.Album", "..\09.Album\09.Album.csproj", "{AB887B73-CE04-4310-81AA-E44C6686DA60}"
EndProject
Project("{9A19103F-16F7-4668-BE54-9A1E7A4F7556}") = "10. PageModel", "..\10. PageModel\10. PageModel.csproj", "{65207AB7-C0B7-4EDB-A126-BAF4D1029649}"
EndProject
Global
	GlobalSection(SolutionConfigurationPlatforms) = preSolution
		Debug|Any CPU = Debug|Any CPU
		Release|Any CPU = Release|Any CPU
	EndGlobalSection
	GlobalSection(ProjectConfigurationPlatforms) = postSolution
		{FD41D034-712F-4B13-A0AC-728568268809}.Debug|Any CPU.ActiveCfg = Debug|Any CPU
		{FD41D034-712F-4B13-A0AC-728568268809}.Debug|Any CPU.Build.0 = Debug|Any CPU
		{FD41D034-712F-4B13-A0AC-728568268809}.Release|Any CPU.ActiveCfg = Release|Any CPU
		{FD41D034-712F-4B13-A0AC-728568268809}.Release|Any CPU.Build.0 = Release|Any CPU
		{46CA9DBA-CCD4-4B6D-AD44-34645D65146A}.Debug|Any CPU.ActiveCfg = Debug|Any CPU
		{46CA9DBA-CCD4-4B6D-AD44-34645D65146A}.Debug|Any CPU.Build.0 = Debug|Any CPU
		{46CA9DBA-CCD4-4B6D-AD44-34645D65146A}.Release|Any CPU.ActiveCfg = Release|Any CPU
		{46CA9DBA-CCD4-4B6D-AD44-34645D65146A}.Release|Any CPU.Build.0 = Release|Any CPU
		{0CCDDBED-4E1D-4950-BC25-4F65C53A048A}.Debug|Any CPU.ActiveCfg = Debug|Any CPU
		{0CCDDBED-4E1D-4950-BC25-4F65C53A048A}.Debug|Any CPU.Build.0 = Debug|Any CPU
		{0CCDDBED-4E1D-4950-BC25-4F65C53A048A}.Release|Any CPU.ActiveCfg = Release|Any CPU
		{0CCDDBED-4E1D-4950-BC25-4F65C53A048A}.Release|Any CPU.Build.0 = Release|Any CPU
		{009E4E94-1F97-4EA7-84AE-CC44D1670D70}.Debug|Any CPU.ActiveCfg = Debug|Any CPU
		{009E4E94-1F97-4EA7-84AE-CC44D1670D70}.Debug|Any CPU.Build.0 = Debug|Any CPU
		{009E4E94-1F97-4EA7-84AE-CC44D1670D70}.Release|Any CPU.ActiveCfg = Release|Any CPU
		{009E4E94-1F97-4EA7-84AE-CC44D1670D70}.Release|Any CPU.Build.0 = Release|Any CPU
		{5AE0F2FD-E06C-46A3-A204-8217A3500362}.Debug|Any CPU.ActiveCfg = Debug|Any CPU
		{5AE0F2FD-E06C-46A3-A204-8217A3500362}.Debug|Any CPU.Build.0 = Debug|Any CPU
		{5AE0F2FD-E06C-46A3-A204-8217A3500362}.Release|Any CPU.ActiveCfg = Release|Any CPU
		{5AE0F2FD-E06C-46A3-A204-8217A3500362}.Release|Any CPU.Build.0 = Release|Any CPU
		{824208F6-1D22-41F8-A468-9940AED7CA1A}.Debug|Any CPU.ActiveCfg = Debug|Any CPU
		{824208F6-1D22-41F8-A468-9940AED7CA1A}.Debug|Any CPU.Build.0 = Debug|Any CPU
		{824208F6-1D22-41F8-A468-9940AED7CA1A}.Release|Any CPU.ActiveCfg = Release|Any CPU
		{824208F6-1D22-41F8-A468-9940AED7CA1A}.Release|Any CPU.Build.0 = Release|Any CPU
		{33F9AB49-91B3-4456-B2A6-7DF8E68F527B}.Debug|Any CPU.ActiveCfg = Debug|Any CPU
		{33F9AB49-91B3-4456-B2A6-7DF8E68F527B}.Debug|Any CPU.Build.0 = Debug|Any CPU
		{33F9AB49-91B3-4456-B2A6-7DF8E68F527B}.Release|Any CPU.ActiveCfg = Release|Any CPU
		{33F9AB49-91B3-4456-B2A6-7DF8E68F527B}.Release|Any CPU.Build.0 = Release|Any CPU
		{D908B184-A167-4B3F-B48D-77E5C2D00039}.Debug|Any CPU.ActiveCfg = Debug|Any CPU
		{D908B184-A167-4B3F-B48D-77E5C2D00039}.Debug|Any CPU.Build.0 = Debug|Any CPU
		{D908B184-A167-4B3F-B48D-77E5C2D00039}.Release|Any CPU.ActiveCfg = Release|Any CPU
		{D908B184-A167-4B3F-B48D-77E5C2D00039}.Release|Any CPU.Build.0 = Release|Any CPU
		{7E7B02F3-DDFC-49D3-BC9B-334369936AE8}.Debug|Any CPU.ActiveCfg = Debug|Any CPU
		{7E7B02F3-DDFC-49D3-BC9B-334369936AE8}.Debug|Any CPU.Build.0 = Debug|Any CPU
		{7E7B02F3-DDFC-49D3-BC9B-334369936AE8}.Release|Any CPU.ActiveCfg = Release|Any CPU
		{7E7B02F3-DDFC-49D3-BC9B-334369936AE8}.Release|Any CPU.Build.0 = Release|Any CPU
		{AB887B73-CE04-4310-81AA-E44C6686DA60}.Debug|Any CPU.ActiveCfg = Debug|Any CPU
		{AB887B73-CE04-4310-81AA-E44C6686DA60}.Debug|Any CPU.Build.0 = Debug|Any CPU
		{AB887B73-CE04-4310-81AA-E44C6686DA60}.Release|Any CPU.ActiveCfg = Release|Any CPU
		{AB887B73-CE04-4310-81AA-E44C6686DA60}.Release|Any CPU.Build.0 = Release|Any CPU
		{65207AB7-C0B7-4EDB-A126-BAF4D1029649}.Debug|Any CPU.ActiveCfg = Debug|Any CPU
		{65207AB7-C0B7-4EDB-A126-BAF4D1029649}.Debug|Any CPU.Build.0 = Debug|Any CPU
		{65207AB7-C0B7-4EDB-A126-BAF4D1029649}.Release|Any CPU.ActiveCfg = Release|Any CPU
		{65207AB7-C0B7-4EDB-A126-BAF4D1029649}.Release|Any CPU.Build.0 = Release|Any CPU
	EndGlobalSection
	GlobalSection(SolutionProperties) = preSolution
		HideSolutionNode = FALSE
	EndGlobalSection
	GlobalSection(ExtensibilityGlobals) = postSolution
		SolutionGuid = {4FA30CC2-C39F-4183-AF98-7823EA274BE6}
	EndGlobalSection
EndGlobal
